
Microsoft Visual Studio Solution File, Format Version 12.00
# Visual Studio 15
VisualStudioVersion = 15.0.26124.0
MinimumVisualStudioVersion = 15.0.26124.0
Project("{2150E333-8FDC-42A3-9474-1A3956D46DE8}") = "src", "src", "{9A798EF9-3866-4AD9-B63F-9A8278ECB344}"
EndProject
Project("{FAE04EC0-301F-11D3-BF4B-00C04F79EFBC}") = "Eumel.Core", "src\Core\Eumel.Core.csproj", "{8FAD9641-E0C9-4BCC-8AC7-EA79A6CB1364}"
EndProject
Project("{FAE04EC0-301F-11D3-BF4B-00C04F79EFBC}") = "Eumel.Console", "src\Console\Eumel.Console.csproj", "{1F463A61-5A67-4A31-B4C2-C4B8B238068A}"
EndProject
Project("{FAE04EC0-301F-11D3-BF4B-00C04F79EFBC}") = "Eumel.Shared", "src\Shared\Eumel.Shared.csproj", "{4BBACA83-8159-4BCF-B183-A4B286DE2162}"
EndProject
Project("{FAE04EC0-301F-11D3-BF4B-00C04F79EFBC}") = "Eumel.Server", "src\Server\Eumel.Server.csproj", "{94C64698-C39F-4B00-88E9-48CD57AD0B70}"
EndProject
Project("{FAE04EC0-301F-11D3-BF4B-00C04F79EFBC}") = "Eumel.Client", "src\Client\Eumel.Client.csproj", "{7DC0CF04-5C67-40A4-9D7E-D09BCEEFF97C}"
EndProject
Project("{2150E333-8FDC-42A3-9474-1A3956D46DE8}") = "tests", "tests", "{22AD44AE-D61E-4370-8FB0-3237352E9BB6}"
EndProject
Project("{FAE04EC0-301F-11D3-BF4B-00C04F79EFBC}") = "Core.Tests", "tests\Core.Tests\Core.Tests.csproj", "{DF9F8DBF-7DEE-4BDA-8FA2-215DA06000FF}"
EndProject
Project("{FAE04EC0-301F-11D3-BF4B-00C04F79EFBC}") = "Eumel.Persistance", "src\Persistence\Eumel.Persistance.csproj", "{C206F4DC-B21C-4496-9B51-E7CB1ED2FF57}"
EndProject
Project("{FAE04EC0-301F-11D3-BF4B-00C04F79EFBC}") = "Eumel.Persistence.Tests", "tests\Persistence.Tests\Eumel.Persistence.Tests.csproj", "{478E347F-A509-4096-87F8-0729636F54EA}"
EndProject
Global
	GlobalSection(SolutionConfigurationPlatforms) = preSolution
		Debug|Any CPU = Debug|Any CPU
		Debug|x64 = Debug|x64
		Debug|x86 = Debug|x86
		Release|Any CPU = Release|Any CPU
		Release|x64 = Release|x64
		Release|x86 = Release|x86
	EndGlobalSection
	GlobalSection(SolutionProperties) = preSolution
		HideSolutionNode = FALSE
	EndGlobalSection
	GlobalSection(ProjectConfigurationPlatforms) = postSolution
		{8FAD9641-E0C9-4BCC-8AC7-EA79A6CB1364}.Debug|Any CPU.ActiveCfg = Debug|Any CPU
		{8FAD9641-E0C9-4BCC-8AC7-EA79A6CB1364}.Debug|Any CPU.Build.0 = Debug|Any CPU
		{8FAD9641-E0C9-4BCC-8AC7-EA79A6CB1364}.Debug|x64.ActiveCfg = Debug|Any CPU
		{8FAD9641-E0C9-4BCC-8AC7-EA79A6CB1364}.Debug|x64.Build.0 = Debug|Any CPU
		{8FAD9641-E0C9-4BCC-8AC7-EA79A6CB1364}.Debug|x86.ActiveCfg = Debug|Any CPU
		{8FAD9641-E0C9-4BCC-8AC7-EA79A6CB1364}.Debug|x86.Build.0 = Debug|Any CPU
		{8FAD9641-E0C9-4BCC-8AC7-EA79A6CB1364}.Release|Any CPU.ActiveCfg = Release|Any CPU
		{8FAD9641-E0C9-4BCC-8AC7-EA79A6CB1364}.Release|Any CPU.Build.0 = Release|Any CPU
		{8FAD9641-E0C9-4BCC-8AC7-EA79A6CB1364}.Release|x64.ActiveCfg = Release|Any CPU
		{8FAD9641-E0C9-4BCC-8AC7-EA79A6CB1364}.Release|x64.Build.0 = Release|Any CPU
		{8FAD9641-E0C9-4BCC-8AC7-EA79A6CB1364}.Release|x86.ActiveCfg = Release|Any CPU
		{8FAD9641-E0C9-4BCC-8AC7-EA79A6CB1364}.Release|x86.Build.0 = Release|Any CPU
		{1F463A61-5A67-4A31-B4C2-C4B8B238068A}.Debug|Any CPU.ActiveCfg = Debug|Any CPU
		{1F463A61-5A67-4A31-B4C2-C4B8B238068A}.Debug|Any CPU.Build.0 = Debug|Any CPU
		{1F463A61-5A67-4A31-B4C2-C4B8B238068A}.Debug|x64.ActiveCfg = Debug|Any CPU
		{1F463A61-5A67-4A31-B4C2-C4B8B238068A}.Debug|x64.Build.0 = Debug|Any CPU
		{1F463A61-5A67-4A31-B4C2-C4B8B238068A}.Debug|x86.ActiveCfg = Debug|Any CPU
		{1F463A61-5A67-4A31-B4C2-C4B8B238068A}.Debug|x86.Build.0 = Debug|Any CPU
		{1F463A61-5A67-4A31-B4C2-C4B8B238068A}.Release|Any CPU.ActiveCfg = Release|Any CPU
		{1F463A61-5A67-4A31-B4C2-C4B8B238068A}.Release|Any CPU.Build.0 = Release|Any CPU
		{1F463A61-5A67-4A31-B4C2-C4B8B238068A}.Release|x64.ActiveCfg = Release|Any CPU
		{1F463A61-5A67-4A31-B4C2-C4B8B238068A}.Release|x64.Build.0 = Release|Any CPU
		{1F463A61-5A67-4A31-B4C2-C4B8B238068A}.Release|x86.ActiveCfg = Release|Any CPU
		{1F463A61-5A67-4A31-B4C2-C4B8B238068A}.Release|x86.Build.0 = Release|Any CPU
		{4BBACA83-8159-4BCF-B183-A4B286DE2162}.Debug|Any CPU.ActiveCfg = Debug|Any CPU
		{4BBACA83-8159-4BCF-B183-A4B286DE2162}.Debug|Any CPU.Build.0 = Debug|Any CPU
		{4BBACA83-8159-4BCF-B183-A4B286DE2162}.Debug|x64.ActiveCfg = Debug|Any CPU
		{4BBACA83-8159-4BCF-B183-A4B286DE2162}.Debug|x64.Build.0 = Debug|Any CPU
		{4BBACA83-8159-4BCF-B183-A4B286DE2162}.Debug|x86.ActiveCfg = Debug|Any CPU
		{4BBACA83-8159-4BCF-B183-A4B286DE2162}.Debug|x86.Build.0 = Debug|Any CPU
		{4BBACA83-8159-4BCF-B183-A4B286DE2162}.Release|Any CPU.ActiveCfg = Release|Any CPU
		{4BBACA83-8159-4BCF-B183-A4B286DE2162}.Release|Any CPU.Build.0 = Release|Any CPU
		{4BBACA83-8159-4BCF-B183-A4B286DE2162}.Release|x64.ActiveCfg = Release|Any CPU
		{4BBACA83-8159-4BCF-B183-A4B286DE2162}.Release|x64.Build.0 = Release|Any CPU
		{4BBACA83-8159-4BCF-B183-A4B286DE2162}.Release|x86.ActiveCfg = Release|Any CPU
		{4BBACA83-8159-4BCF-B183-A4B286DE2162}.Release|x86.Build.0 = Release|Any CPU
		{94C64698-C39F-4B00-88E9-48CD57AD0B70}.Debug|Any CPU.ActiveCfg = Debug|Any CPU
		{94C64698-C39F-4B00-88E9-48CD57AD0B70}.Debug|Any CPU.Build.0 = Debug|Any CPU
		{94C64698-C39F-4B00-88E9-48CD57AD0B70}.Debug|x64.ActiveCfg = Debug|Any CPU
		{94C64698-C39F-4B00-88E9-48CD57AD0B70}.Debug|x64.Build.0 = Debug|Any CPU
		{94C64698-C39F-4B00-88E9-48CD57AD0B70}.Debug|x86.ActiveCfg = Debug|Any CPU
		{94C64698-C39F-4B00-88E9-48CD57AD0B70}.Debug|x86.Build.0 = Debug|Any CPU
		{94C64698-C39F-4B00-88E9-48CD57AD0B70}.Release|Any CPU.ActiveCfg = Release|Any CPU
		{94C64698-C39F-4B00-88E9-48CD57AD0B70}.Release|Any CPU.Build.0 = Release|Any CPU
		{94C64698-C39F-4B00-88E9-48CD57AD0B70}.Release|x64.ActiveCfg = Release|Any CPU
		{94C64698-C39F-4B00-88E9-48CD57AD0B70}.Release|x64.Build.0 = Release|Any CPU
		{94C64698-C39F-4B00-88E9-48CD57AD0B70}.Release|x86.ActiveCfg = Release|Any CPU
		{94C64698-C39F-4B00-88E9-48CD57AD0B70}.Release|x86.Build.0 = Release|Any CPU
		{7DC0CF04-5C67-40A4-9D7E-D09BCEEFF97C}.Debug|Any CPU.ActiveCfg = Debug|Any CPU
		{7DC0CF04-5C67-40A4-9D7E-D09BCEEFF97C}.Debug|Any CPU.Build.0 = Debug|Any CPU
		{7DC0CF04-5C67-40A4-9D7E-D09BCEEFF97C}.Debug|x64.ActiveCfg = Debug|Any CPU
		{7DC0CF04-5C67-40A4-9D7E-D09BCEEFF97C}.Debug|x64.Build.0 = Debug|Any CPU
		{7DC0CF04-5C67-40A4-9D7E-D09BCEEFF97C}.Debug|x86.ActiveCfg = Debug|Any CPU
		{7DC0CF04-5C67-40A4-9D7E-D09BCEEFF97C}.Debug|x86.Build.0 = Debug|Any CPU
		{7DC0CF04-5C67-40A4-9D7E-D09BCEEFF97C}.Release|Any CPU.ActiveCfg = Release|Any CPU
		{7DC0CF04-5C67-40A4-9D7E-D09BCEEFF97C}.Release|Any CPU.Build.0 = Release|Any CPU
		{7DC0CF04-5C67-40A4-9D7E-D09BCEEFF97C}.Release|x64.ActiveCfg = Release|Any CPU
		{7DC0CF04-5C67-40A4-9D7E-D09BCEEFF97C}.Release|x64.Build.0 = Release|Any CPU
		{7DC0CF04-5C67-40A4-9D7E-D09BCEEFF97C}.Release|x86.ActiveCfg = Release|Any CPU
		{7DC0CF04-5C67-40A4-9D7E-D09BCEEFF97C}.Release|x86.Build.0 = Release|Any CPU
		{DF9F8DBF-7DEE-4BDA-8FA2-215DA06000FF}.Debug|Any CPU.ActiveCfg = Debug|Any CPU
		{DF9F8DBF-7DEE-4BDA-8FA2-215DA06000FF}.Debug|Any CPU.Build.0 = Debug|Any CPU
		{DF9F8DBF-7DEE-4BDA-8FA2-215DA06000FF}.Debug|x64.ActiveCfg = Debug|Any CPU
		{DF9F8DBF-7DEE-4BDA-8FA2-215DA06000FF}.Debug|x64.Build.0 = Debug|Any CPU
		{DF9F8DBF-7DEE-4BDA-8FA2-215DA06000FF}.Debug|x86.ActiveCfg = Debug|Any CPU
		{DF9F8DBF-7DEE-4BDA-8FA2-215DA06000FF}.Debug|x86.Build.0 = Debug|Any CPU
		{DF9F8DBF-7DEE-4BDA-8FA2-215DA06000FF}.Release|Any CPU.ActiveCfg = Release|Any CPU
		{DF9F8DBF-7DEE-4BDA-8FA2-215DA06000FF}.Release|Any CPU.Build.0 = Release|Any CPU
		{DF9F8DBF-7DEE-4BDA-8FA2-215DA06000FF}.Release|x64.ActiveCfg = Release|Any CPU
		{DF9F8DBF-7DEE-4BDA-8FA2-215DA06000FF}.Release|x64.Build.0 = Release|Any CPU
		{DF9F8DBF-7DEE-4BDA-8FA2-215DA06000FF}.Release|x86.ActiveCfg = Release|Any CPU
		{DF9F8DBF-7DEE-4BDA-8FA2-215DA06000FF}.Release|x86.Build.0 = Release|Any CPU
		{C206F4DC-B21C-4496-9B51-E7CB1ED2FF57}.Debug|Any CPU.ActiveCfg = Debug|Any CPU
		{C206F4DC-B21C-4496-9B51-E7CB1ED2FF57}.Debug|Any CPU.Build.0 = Debug|Any CPU
		{C206F4DC-B21C-4496-9B51-E7CB1ED2FF57}.Debug|x64.ActiveCfg = Debug|Any CPU
		{C206F4DC-B21C-4496-9B51-E7CB1ED2FF57}.Debug|x64.Build.0 = Debug|Any CPU
		{C206F4DC-B21C-4496-9B51-E7CB1ED2FF57}.Debug|x86.ActiveCfg = Debug|Any CPU
		{C206F4DC-B21C-4496-9B51-E7CB1ED2FF57}.Debug|x86.Build.0 = Debug|Any CPU
		{C206F4DC-B21C-4496-9B51-E7CB1ED2FF57}.Release|Any CPU.ActiveCfg = Release|Any CPU
		{C206F4DC-B21C-4496-9B51-E7CB1ED2FF57}.Release|Any CPU.Build.0 = Release|Any CPU
		{C206F4DC-B21C-4496-9B51-E7CB1ED2FF57}.Release|x64.ActiveCfg = Release|Any CPU
		{C206F4DC-B21C-4496-9B51-E7CB1ED2FF57}.Release|x64.Build.0 = Release|Any CPU
		{C206F4DC-B21C-4496-9B51-E7CB1ED2FF57}.Release|x86.ActiveCfg = Release|Any CPU
		{C206F4DC-B21C-4496-9B51-E7CB1ED2FF57}.Release|x86.Build.0 = Release|Any CPU
		{478E347F-A509-4096-87F8-0729636F54EA}.Debug|Any CPU.ActiveCfg = Debug|Any CPU
		{478E347F-A509-4096-87F8-0729636F54EA}.Debug|Any CPU.Build.0 = Debug|Any CPU
		{478E347F-A509-4096-87F8-0729636F54EA}.Debug|x64.ActiveCfg = Debug|Any CPU
		{478E347F-A509-4096-87F8-0729636F54EA}.Debug|x64.Build.0 = Debug|Any CPU
		{478E347F-A509-4096-87F8-0729636F54EA}.Debug|x86.ActiveCfg = Debug|Any CPU
		{478E347F-A509-4096-87F8-0729636F54EA}.Debug|x86.Build.0 = Debug|Any CPU
		{478E347F-A509-4096-87F8-0729636F54EA}.Release|Any CPU.ActiveCfg = Release|Any CPU
		{478E347F-A509-4096-87F8-0729636F54EA}.Release|Any CPU.Build.0 = Release|Any CPU
		{478E347F-A509-4096-87F8-0729636F54EA}.Release|x64.ActiveCfg = Release|Any CPU
		{478E347F-A509-4096-87F8-0729636F54EA}.Release|x64.Build.0 = Release|Any CPU
		{478E347F-A509-4096-87F8-0729636F54EA}.Release|x86.ActiveCfg = Release|Any CPU
		{478E347F-A509-4096-87F8-0729636F54EA}.Release|x86.Build.0 = Release|Any CPU
	EndGlobalSection
	GlobalSection(NestedProjects) = preSolution
		{8FAD9641-E0C9-4BCC-8AC7-EA79A6CB1364} = {9A798EF9-3866-4AD9-B63F-9A8278ECB344}
		{1F463A61-5A67-4A31-B4C2-C4B8B238068A} = {9A798EF9-3866-4AD9-B63F-9A8278ECB344}
		{4BBACA83-8159-4BCF-B183-A4B286DE2162} = {9A798EF9-3866-4AD9-B63F-9A8278ECB344}
		{94C64698-C39F-4B00-88E9-48CD57AD0B70} = {9A798EF9-3866-4AD9-B63F-9A8278ECB344}
		{7DC0CF04-5C67-40A4-9D7E-D09BCEEFF97C} = {9A798EF9-3866-4AD9-B63F-9A8278ECB344}
		{DF9F8DBF-7DEE-4BDA-8FA2-215DA06000FF} = {22AD44AE-D61E-4370-8FB0-3237352E9BB6}
		{C206F4DC-B21C-4496-9B51-E7CB1ED2FF57} = {9A798EF9-3866-4AD9-B63F-9A8278ECB344}
		{478E347F-A509-4096-87F8-0729636F54EA} = {22AD44AE-D61E-4370-8FB0-3237352E9BB6}
	EndGlobalSection
EndGlobal
